
Microsoft Visual Studio Solution File, Format Version 12.00
# Visual Studio 15
VisualStudioVersion = 15.0.26730.16
MinimumVisualStudioVersion = 10.0.40219.1
Project("{8BC9CEB8-8B4A-11D0-8D11-00A0C91BC942}") = "The Snail Trail 2017", "The Snail Trail version 2\The Snail Trail version 2.vcxproj", "{11140BA9-6E7C-495E-B735-CD1E72C4ED11}"
EndProject
Global
	GlobalSection(Performance) = preSolution
		HasPerformanceSessions = true
	EndGlobalSection
	GlobalSection(SolutionConfigurationPlatforms) = preSolution
		Debug|Win32 = Debug|Win32
		Release|Win32 = Release|Win32
	EndGlobalSection
	GlobalSection(ProjectConfigurationPlatforms) = postSolution
		{11140BA9-6E7C-495E-B735-CD1E72C4ED11}.Debug|Win32.ActiveCfg = Debug|Win32
		{11140BA9-6E7C-495E-B735-CD1E72C4ED11}.Debug|Win32.Build.0 = Debug|Win32
		{11140BA9-6E7C-495E-B735-CD1E72C4ED11}.Release|Win32.ActiveCfg = Release|Win32
		{11140BA9-6E7C-495E-B735-CD1E72C4ED11}.Release|Win32.Build.0 = Release|Win32
	EndGlobalSection
	GlobalSection(SolutionProperties) = preSolution
		HideSolutionNode = FALSE
	EndGlobalSection
	GlobalSection(ExtensibilityGlobals) = postSolution
		SolutionGuid = {7EAC3E13-9D56-4EEB-A091-3B5CEDC854DC}
	EndGlobalSection
	GlobalSection(Performance) = preSolution
		HasPerformanceSessions = true
	EndGlobalSection
EndGlobal
